// !$*UTF8*$!
{
	archiveVersion = 1;
	classes = {
	};
	objectVersion = 56;
	objects = {

/* Begin PBXBuildFile section */
		3DBABE0D2A970D2D008885B9 /* TingleApp.swift in Sources */ = {isa = PBXBuildFile; fileRef = 3DBABE0C2A970D2D008885B9 /* TingleApp.swift */; };
		3DBABE0F2A970D2D008885B9 /* ContentView.swift in Sources */ = {isa = PBXBuildFile; fileRef = 3DBABE0E2A970D2D008885B9 /* ContentView.swift */; };
		3DBABE112A970D2E008885B9 /* Assets.xcassets in Resources */ = {isa = PBXBuildFile; fileRef = 3DBABE102A970D2E008885B9 /* Assets.xcassets */; };
		3DBABE142A970D2E008885B9 /* Preview Assets.xcassets in Resources */ = {isa = PBXBuildFile; fileRef = 3DBABE132A970D2E008885B9 /* Preview Assets.xcassets */; };
		3DBABE1B2A970DFC008885B9 /* CrownView.swift in Sources */ = {isa = PBXBuildFile; fileRef = 3DBABE1A2A970DFC008885B9 /* CrownView.swift */; };
		3DBABE1D2A970E0D008885B9 /* GyroView.swift in Sources */ = {isa = PBXBuildFile; fileRef = 3DBABE1C2A970E0D008885B9 /* GyroView.swift */; };
		3DBABE1F2A970E26008885B9 /* TapView.swift in Sources */ = {isa = PBXBuildFile; fileRef = 3DBABE1E2A970E26008885B9 /* TapView.swift */; };
/* End PBXBuildFile section */

/* Begin PBXFileReference section */
		3DBABE092A970D2D008885B9 /* Tingle Watch App.app */ = {isa = PBXFileReference; explicitFileType = wrapper.application; includeInIndex = 0; path = "Tingle Watch App.app"; sourceTree = BUILT_PRODUCTS_DIR; };
		3DBABE0C2A970D2D008885B9 /* TingleApp.swift */ = {isa = PBXFileReference; lastKnownFileType = sourcecode.swift; path = TingleApp.swift; sourceTree = "<group>"; };
		3DBABE0E2A970D2D008885B9 /* ContentView.swift */ = {isa = PBXFileReference; lastKnownFileType = sourcecode.swift; path = ContentView.swift; sourceTree = "<group>"; };
		3DBABE102A970D2E008885B9 /* Assets.xcassets */ = {isa = PBXFileReference; lastKnownFileType = folder.assetcatalog; path = Assets.xcassets; sourceTree = "<group>"; };
		3DBABE132A970D2E008885B9 /* Preview Assets.xcassets */ = {isa = PBXFileReference; lastKnownFileType = folder.assetcatalog; path = "Preview Assets.xcassets"; sourceTree = "<group>"; };
		3DBABE1A2A970DFC008885B9 /* CrownView.swift */ = {isa = PBXFileReference; lastKnownFileType = sourcecode.swift; path = CrownView.swift; sourceTree = "<group>"; };
		3DBABE1C2A970E0D008885B9 /* GyroView.swift */ = {isa = PBXFileReference; lastKnownFileType = sourcecode.swift; path = GyroView.swift; sourceTree = "<group>"; };
		3DBABE1E2A970E26008885B9 /* TapView.swift */ = {isa = PBXFileReference; lastKnownFileType = sourcecode.swift; path = TapView.swift; sourceTree = "<group>"; };
/* End PBXFileReference section */

/* Begin PBXFrameworksBuildPhase section */
		3DBABE062A970D2D008885B9 /* Frameworks */ = {
			isa = PBXFrameworksBuildPhase;
			buildActionMask = 2147483647;
			files = (
			);
			runOnlyForDeploymentPostprocessing = 0;
		};
/* End PBXFrameworksBuildPhase section */

/* Begin PBXGroup section */
		3DBABE002A970D2D008885B9 = {
			isa = PBXGroup;
			children = (
				3DBABE0B2A970D2D008885B9 /* Tingle Watch App */,
				3DBABE0A2A970D2D008885B9 /* Products */,
			);
			sourceTree = "<group>";
		};
		3DBABE0A2A970D2D008885B9 /* Products */ = {
			isa = PBXGroup;
			children = (
				3DBABE092A970D2D008885B9 /* Tingle Watch App.app */,
			);
			name = Products;
			sourceTree = "<group>";
		};
		3DBABE0B2A970D2D008885B9 /* Tingle Watch App */ = {
			isa = PBXGroup;
			children = (
				3DBABE0C2A970D2D008885B9 /* TingleApp.swift */,
				3DBABE0E2A970D2D008885B9 /* ContentView.swift */,
				3DBABE1A2A970DFC008885B9 /* CrownView.swift */,
				3DBABE1C2A970E0D008885B9 /* GyroView.swift */,
				3DBABE1E2A970E26008885B9 /* TapView.swift */,
				3DBABE102A970D2E008885B9 /* Assets.xcassets */,
				3DBABE122A970D2E008885B9 /* Preview Content */,
			);
			path = "Tingle Watch App";
			sourceTree = "<group>";
		};
		3DBABE122A970D2E008885B9 /* Preview Content */ = {
			isa = PBXGroup;
			children = (
				3DBABE132A970D2E008885B9 /* Preview Assets.xcassets */,
			);
			path = "Preview Content";
			sourceTree = "<group>";
		};
/* End PBXGroup section */

/* Begin PBXNativeTarget section */
		3DBABE082A970D2D008885B9 /* Tingle Watch App */ = {
			isa = PBXNativeTarget;
			buildConfigurationList = 3DBABE172A970D2E008885B9 /* Build configuration list for PBXNativeTarget "Tingle Watch App" */;
			buildPhases = (
				3DBABE052A970D2D008885B9 /* Sources */,
				3DBABE062A970D2D008885B9 /* Frameworks */,
				3DBABE072A970D2D008885B9 /* Resources */,
			);
			buildRules = (
			);
			dependencies = (
			);
			name = "Tingle Watch App";
			productName = "Tingle Watch App";
			productReference = 3DBABE092A970D2D008885B9 /* Tingle Watch App.app */;
			productType = "com.apple.product-type.application";
		};
/* End PBXNativeTarget section */

/* Begin PBXProject section */
		3DBABE012A970D2D008885B9 /* Project object */ = {
			isa = PBXProject;
			attributes = {
				BuildIndependentTargetsInParallel = 1;
				LastSwiftUpdateCheck = 1430;
				LastUpgradeCheck = 1430;
				TargetAttributes = {
					3DBABE082A970D2D008885B9 = {
						CreatedOnToolsVersion = 14.3;
					};
				};
			};
			buildConfigurationList = 3DBABE042A970D2D008885B9 /* Build configuration list for PBXProject "Tingle" */;
			compatibilityVersion = "Xcode 14.0";
			developmentRegion = en;
			hasScannedForEncodings = 0;
			knownRegions = (
				en,
				Base,
			);
			mainGroup = 3DBABE002A970D2D008885B9;
			productRefGroup = 3DBABE0A2A970D2D008885B9 /* Products */;
			projectDirPath = "";
			projectRoot = "";
			targets = (
				3DBABE082A970D2D008885B9 /* Tingle Watch App */,
			);
		};
/* End PBXProject section */

/* Begin PBXResourcesBuildPhase section */
		3DBABE072A970D2D008885B9 /* Resources */ = {
			isa = PBXResourcesBuildPhase;
			buildActionMask = 2147483647;
			files = (
				3DBABE142A970D2E008885B9 /* Preview Assets.xcassets in Resources */,
				3DBABE112A970D2E008885B9 /* Assets.xcassets in Resources */,
			);
			runOnlyForDeploymentPostprocessing = 0;
		};
/* End PBXResourcesBuildPhase section */

/* Begin PBXSourcesBuildPhase section */
		3DBABE052A970D2D008885B9 /* Sources */ = {
			isa = PBXSourcesBuildPhase;
			buildActionMask = 2147483647;
			files = (
				3DBABE0F2A970D2D008885B9 /* ContentView.swift in Sources */,
				3DBABE1D2A970E0D008885B9 /* GyroView.swift in Sources */,
				3DBABE1F2A970E26008885B9 /* TapView.swift in Sources */,
				3DBABE1B2A970DFC008885B9 /* CrownView.swift in Sources */,
				3DBABE0D2A970D2D008885B9 /* TingleApp.swift in Sources */,
			);
			runOnlyForDeploymentPostprocessing = 0;
		};
/* End PBXSourcesBuildPhase section */

/* Begin XCBuildConfiguration section */
		3DBABE152A970D2E008885B9 /* Debug */ = {
			isa = XCBuildConfiguration;
			buildSettings = {
				ALWAYS_SEARCH_USER_PATHS = NO;
				CLANG_ANALYZER_NONNULL = YES;
				CLANG_ANALYZER_NUMBER_OBJECT_CONVERSION = YES_AGGRESSIVE;
				CLANG_CXX_LANGUAGE_STANDARD = "gnu++20";
				CLANG_ENABLE_MODULES = YES;
				CLANG_ENABLE_OBJC_ARC = YES;
				CLANG_ENABLE_OBJC_WEAK = YES;
				CLANG_WARN_BLOCK_CAPTURE_AUTORELEASING = YES;
				CLANG_WARN_BOOL_CONVERSION = YES;
				CLANG_WARN_COMMA = YES;
				CLANG_WARN_CONSTANT_CONVERSION = YES;
				CLANG_WARN_DEPRECATED_OBJC_IMPLEMENTATIONS = YES;
				CLANG_WARN_DIRECT_OBJC_ISA_USAGE = YES_ERROR;
				CLANG_WARN_DOCUMENTATION_COMMENTS = YES;
				CLANG_WARN_EMPTY_BODY = YES;
				CLANG_WARN_ENUM_CONVERSION = YES;
				CLANG_WARN_INFINITE_RECURSION = YES;
				CLANG_WARN_INT_CONVERSION = YES;
				CLANG_WARN_NON_LITERAL_NULL_CONVERSION = YES;
				CLANG_WARN_OBJC_IMPLICIT_RETAIN_SELF = YES;
				CLANG_WARN_OBJC_LITERAL_CONVERSION = YES;
				CLANG_WARN_OBJC_ROOT_CLASS = YES_ERROR;
				CLANG_WARN_QUOTED_INCLUDE_IN_FRAMEWORK_HEADER = YES;
				CLANG_WARN_RANGE_LOOP_ANALYSIS = YES;
				CLANG_WARN_STRICT_PROTOTYPES = YES;
				CLANG_WARN_SUSPICIOUS_MOVE = YES;
				CLANG_WARN_UNGUARDED_AVAILABILITY = YES_AGGRESSIVE;
				CLANG_WARN_UNREACHABLE_CODE = YES;
				CLANG_WARN__DUPLICATE_METHOD_MATCH = YES;
				COPY_PHASE_STRIP = NO;
				DEBUG_INFORMATION_FORMAT = dwarf;
				ENABLE_STRICT_OBJC_MSGSEND = YES;
				ENABLE_TESTABILITY = YES;
				GCC_C_LANGUAGE_STANDARD = gnu11;
				GCC_DYNAMIC_NO_PIC = NO;
				GCC_NO_COMMON_BLOCKS = YES;
				GCC_OPTIMIZATION_LEVEL = 0;
				GCC_PREPROCESSOR_DEFINITIONS = (
					"DEBUG=1",
					"$(inherited)",
				);
				GCC_WARN_64_TO_32_BIT_CONVERSION = YES;
				GCC_WARN_ABOUT_RETURN_TYPE = YES_ERROR;
				GCC_WARN_UNDECLARED_SELECTOR = YES;
				GCC_WARN_UNINITIALIZED_AUTOS = YES_AGGRESSIVE;
				GCC_WARN_UNUSED_FUNCTION = YES;
				GCC_WARN_UNUSED_VARIABLE = YES;
				MTL_ENABLE_DEBUG_INFO = INCLUDE_SOURCE;
				MTL_FAST_MATH = YES;
				ONLY_ACTIVE_ARCH = YES;
				SWIFT_ACTIVE_COMPILATION_CONDITIONS = DEBUG;
				SWIFT_OPTIMIZATION_LEVEL = "-Onone";
			};
			name = Debug;
		};
		3DBABE162A970D2E008885B9 /* Release */ = {
			isa = XCBuildConfiguration;
			buildSettings = {
				ALWAYS_SEARCH_USER_PATHS = NO;
				CLANG_ANALYZER_NONNULL = YES;
				CLANG_ANALYZER_NUMBER_OBJECT_CONVERSION = YES_AGGRESSIVE;
				CLANG_CXX_LANGUAGE_STANDARD = "gnu++20";
				CLANG_ENABLE_MODULES = YES;
				CLANG_ENABLE_OBJC_ARC = YES;
				CLANG_ENABLE_OBJC_WEAK = YES;
				CLANG_WARN_BLOCK_CAPTURE_AUTORELEASING = YES;
				CLANG_WARN_BOOL_CONVERSION = YES;
				CLANG_WARN_COMMA = YES;
				CLANG_WARN_CONSTANT_CONVERSION = YES;
				CLANG_WARN_DEPRECATED_OBJC_IMPLEMENTATIONS = YES;
				CLANG_WARN_DIRECT_OBJC_ISA_USAGE = YES_ERROR;
				CLANG_WARN_DOCUMENTATION_COMMENTS = YES;
				CLANG_WARN_EMPTY_BODY = YES;
				CLANG_WARN_ENUM_CONVERSION = YES;
				CLANG_WARN_INFINITE_RECURSION = YES;
				CLANG_WARN_INT_CONVERSION = YES;
				CLANG_WARN_NON_LITERAL_NULL_CONVERSION = YES;
				CLANG_WARN_OBJC_IMPLICIT_RETAIN_SELF = YES;
				CLANG_WARN_OBJC_LITERAL_CONVERSION = YES;
				CLANG_WARN_OBJC_ROOT_CLASS = YES_ERROR;
				CLANG_WARN_QUOTED_INCLUDE_IN_FRAMEWORK_HEADER = YES;
				CLANG_WARN_RANGE_LOOP_ANALYSIS = YES;
				CLANG_WARN_STRICT_PROTOTYPES = YES;
				CLANG_WARN_SUSPICIOUS_MOVE = YES;
				CLANG_WARN_UNGUARDED_AVAILABILITY = YES_AGGRESSIVE;
				CLANG_WARN_UNREACHABLE_CODE = YES;
				CLANG_WARN__DUPLICATE_METHOD_MATCH = YES;
				COPY_PHASE_STRIP = NO;
				DEBUG_INFORMATION_FORMAT = "dwarf-with-dsym";
				ENABLE_NS_ASSERTIONS = NO;
				ENABLE_STRICT_OBJC_MSGSEND = YES;
				GCC_C_LANGUAGE_STANDARD = gnu11;
				GCC_NO_COMMON_BLOCKS = YES;
				GCC_WARN_64_TO_32_BIT_CONVERSION = YES;
				GCC_WARN_ABOUT_RETURN_TYPE = YES_ERROR;
				GCC_WARN_UNDECLARED_SELECTOR = YES;
				GCC_WARN_UNINITIALIZED_AUTOS = YES_AGGRESSIVE;
				GCC_WARN_UNUSED_FUNCTION = YES;
				GCC_WARN_UNUSED_VARIABLE = YES;
				MTL_ENABLE_DEBUG_INFO = NO;
				MTL_FAST_MATH = YES;
				SWIFT_COMPILATION_MODE = wholemodule;
				SWIFT_OPTIMIZATION_LEVEL = "-O";
			};
			name = Release;
		};
		3DBABE182A970D2E008885B9 /* Debug */ = {
			isa = XCBuildConfiguration;
			buildSettings = {
				ASSETCATALOG_COMPILER_APPICON_NAME = AppIcon;
				ASSETCATALOG_COMPILER_GLOBAL_ACCENT_COLOR_NAME = AccentColor;
				CODE_SIGN_STYLE = Automatic;
				CURRENT_PROJECT_VERSION = 1;
				DEVELOPMENT_ASSET_PATHS = "\"Tingle Watch App/Preview Content\"";
				DEVELOPMENT_TEAM = ZVGYNW47J9;
				ENABLE_PREVIEWS = YES;
				GENERATE_INFOPLIST_FILE = YES;
				INFOPLIST_KEY_CFBundleDisplayName = Tingle;
				INFOPLIST_KEY_UISupportedInterfaceOrientations = "UIInterfaceOrientationPortrait UIInterfaceOrientationPortraitUpsideDown";
				INFOPLIST_KEY_WKCompanionAppBundleIdentifier = "";
				LD_RUNPATH_SEARCH_PATHS = (
					"$(inherited)",
					"@executable_path/Frameworks",
				);
				MARKETING_VERSION = 1.0;
				PRODUCT_BUNDLE_IDENTIFIER = .watchkitapp;
				PRODUCT_NAME = "$(TARGET_NAME)";
				SDKROOT = watchos;
				SKIP_INSTALL = YES;
				SWIFT_EMIT_LOC_STRINGS = YES;
				SWIFT_VERSION = 5.0;
				TARGETED_DEVICE_FAMILY = 4;
				WATCHOS_DEPLOYMENT_TARGET = 9.4;
			};
			name = Debug;
		};
		3DBABE192A970D2E008885B9 /* Release */ = {
			isa = XCBuildConfiguration;
			buildSettings = {
				ASSETCATALOG_COMPILER_APPICON_NAME = AppIcon;
				ASSETCATALOG_COMPILER_GLOBAL_ACCENT_COLOR_NAME = AccentColor;
				CODE_SIGN_STYLE = Automatic;
				CURRENT_PROJECT_VERSION = 1;
				DEVELOPMENT_ASSET_PATHS = "\"Tingle Watch App/Preview Content\"";
				DEVELOPMENT_TEAM = ZVGYNW47J9;
				ENABLE_PREVIEWS = YES;
				GENERATE_INFOPLIST_FILE = YES;
				INFOPLIST_KEY_CFBundleDisplayName = Tingle;
				INFOPLIST_KEY_UISupportedInterfaceOrientations = "UIInterfaceOrientationPortrait UIInterfaceOrientationPortraitUpsideDown";
				INFOPLIST_KEY_WKCompanionAppBundleIdentifier = "";
				LD_RUNPATH_SEARCH_PATHS = (
					"$(inherited)",
					"@executable_path/Frameworks",
				);
				MARKETING_VERSION = 1.0;
				PRODUCT_BUNDLE_IDENTIFIER = .watchkitapp;
				PRODUCT_NAME = "$(TARGET_NAME)";
				SDKROOT = watchos;
				SKIP_INSTALL = YES;
				SWIFT_EMIT_LOC_STRINGS = YES;
				SWIFT_VERSION = 5.0;
				TARGETED_DEVICE_FAMILY = 4;
				VALIDATE_PRODUCT = YES;
				WATCHOS_DEPLOYMENT_TARGET = 9.4;
			};
			name = Release;
		};
/* End XCBuildConfiguration section */

/* Begin XCConfigurationList section */
		3DBABE042A970D2D008885B9 /* Build configuration list for PBXProject "Tingle" */ = {
			isa = XCConfigurationList;
			buildConfigurations = (
				3DBABE152A970D2E008885B9 /* Debug */,
				3DBABE162A970D2E008885B9 /* Release */,
			);
			defaultConfigurationIsVisible = 0;
			defaultConfigurationName = Release;
		};
		3DBABE172A970D2E008885B9 /* Build configuration list for PBXNativeTarget "Tingle Watch App" */ = {
			isa = XCConfigurationList;
			buildConfigurations = (
				3DBABE182A970D2E008885B9 /* Debug */,
				3DBABE192A970D2E008885B9 /* Release */,
			);
			defaultConfigurationIsVisible = 0;
			defaultConfigurationName = Release;
		};
/* End XCConfigurationList section */
	};
	rootObject = 3DBABE012A970D2D008885B9 /* Project object */;
}
